
Microsoft Visual Studio Solution File, Format Version 12.00
# Visual Studio 2013
VisualStudioVersion = 12.0.30723.0
MinimumVisualStudioVersion = 10.0.40219.1
Project("{FAE04EC0-301F-11D3-BF4B-00C04F79EFBC}") = "SlackAngryAnalytics", "SlackAngryAnalytics\SlackAngryAnalytics.csproj", "{36EC5D54-C5E9-437F-B048-809E9A69380D}"
EndProject
Project("{FAE04EC0-301F-11D3-BF4B-00C04F79EFBC}") = "SlackAngryAnalytics.Core", "SlackAngryAnalytics.Core\SlackAngryAnalytics.Core.csproj", "{0DF13D45-BDD8-4C3F-A239-6F90AD4B23DF}"
EndProject
Project("{FAE04EC0-301F-11D3-BF4B-00C04F79EFBC}") = "SlackAngryAnalytics.Tests", "SlackAngryAnalytics.Tests\SlackAngryAnalytics.Tests.csproj", "{55A661E7-C998-4A2A-B7AB-EC5DDE65921E}"
EndProject
Project("{FAE04EC0-301F-11D3-BF4B-00C04F79EFBC}") = "SlackAngryAnalytics.Mobile", "SlackAngryAnalytics.Mobile\SlackAngryAnalytics.Mobile.csproj", "{ED30F10B-A67A-4C6A-B691-AA641C3A1308}"
EndProject
Global
	GlobalSection(SolutionConfigurationPlatforms) = preSolution
		Debug|Any CPU = Debug|Any CPU
		Release|Any CPU = Release|Any CPU
	EndGlobalSection
	GlobalSection(ProjectConfigurationPlatforms) = postSolution
		{36EC5D54-C5E9-437F-B048-809E9A69380D}.Debug|Any CPU.ActiveCfg = Debug|Any CPU
		{36EC5D54-C5E9-437F-B048-809E9A69380D}.Debug|Any CPU.Build.0 = Debug|Any CPU
		{36EC5D54-C5E9-437F-B048-809E9A69380D}.Release|Any CPU.ActiveCfg = Release|Any CPU
		{36EC5D54-C5E9-437F-B048-809E9A69380D}.Release|Any CPU.Build.0 = Release|Any CPU
		{0DF13D45-BDD8-4C3F-A239-6F90AD4B23DF}.Debug|Any CPU.ActiveCfg = Debug|Any CPU
		{0DF13D45-BDD8-4C3F-A239-6F90AD4B23DF}.Debug|Any CPU.Build.0 = Debug|Any CPU
		{0DF13D45-BDD8-4C3F-A239-6F90AD4B23DF}.Release|Any CPU.ActiveCfg = Release|Any CPU
		{0DF13D45-BDD8-4C3F-A239-6F90AD4B23DF}.Release|Any CPU.Build.0 = Release|Any CPU
		{55A661E7-C998-4A2A-B7AB-EC5DDE65921E}.Debug|Any CPU.ActiveCfg = Debug|Any CPU
		{55A661E7-C998-4A2A-B7AB-EC5DDE65921E}.Debug|Any CPU.Build.0 = Debug|Any CPU
		{55A661E7-C998-4A2A-B7AB-EC5DDE65921E}.Release|Any CPU.ActiveCfg = Release|Any CPU
		{55A661E7-C998-4A2A-B7AB-EC5DDE65921E}.Release|Any CPU.Build.0 = Release|Any CPU
		{ED30F10B-A67A-4C6A-B691-AA641C3A1308}.Debug|Any CPU.ActiveCfg = Debug|Any CPU
		{ED30F10B-A67A-4C6A-B691-AA641C3A1308}.Debug|Any CPU.Build.0 = Debug|Any CPU
		{ED30F10B-A67A-4C6A-B691-AA641C3A1308}.Release|Any CPU.ActiveCfg = Release|Any CPU
		{ED30F10B-A67A-4C6A-B691-AA641C3A1308}.Release|Any CPU.Build.0 = Release|Any CPU
	EndGlobalSection
	GlobalSection(SolutionProperties) = preSolution
		HideSolutionNode = FALSE
	EndGlobalSection
EndGlobal
